<?xml version="1.0" encoding="utf-8"?>
<Project ToolsVersion="4.0" xmlns="http://schemas.microsoft.com/developer/msbuild/2003">
  <ItemGroup>
    <Filter Include="headers">
      <UniqueIdentifier>{E12E153C-4D0E-94D7-5626-1FAEC284FA38}</UniqueIdentifier>
    </Filter>
    <Filter Include="source">
      <UniqueIdentifier>{76FF3A1C-62A1-65F2-4B5C-7946379DEC42}</UniqueIdentifier>
    </Filter>
  </ItemGroup>
  <ItemGroup>
    <ClInclude Include="headers\SocketAddress.h">
      <Filter>headers</Filter>
    </ClInclude>
    <ClInclude Include="headers\SocketAddressFactory.h">
      <Filter>headers</Filter>
    </ClInclude>
    <ClInclude Include="headers\UDPSocket.h">
      <Filter>headers</Filter>
    </ClInclude>
    <ClInclude Include="headers\SocketUtil.h">
      <Filter>headers</Filter>
    </ClInclude>
    <ClInclude Include="headers\StringUtils.h">
      <Filter>headers</Filter>
    </ClInclude>
    <ClInclude Include="headers\TCPSocket.h">
      <Filter>headers</Filter>
    </ClInclude>
    <ClInclude Include="headers\SimpleServerPCH.h">
      <Filter>headers</Filter>
    </ClInclude>
    <ClInclude Include="headers\SimpleServerShared.h">
      <Filter>headers</Filter>
    </ClInclude>
  </ItemGroup>
  <ItemGroup>
    <ClCompile Include="source\UDPSocket.cpp">
      <Filter>source</Filter>
    </ClCompile>
    <ClCompile Include="source\main.cpp">
      <Filter>source</Filter>
    </ClCompile>
    <ClCompile Include="source\SocketUtil.cpp">
      <Filter>source</Filter>
    </ClCompile>
    <ClCompile Include="source\StringUtils.cpp">
      <Filter>source</Filter>
    </ClCompile>
    <ClCompile Include="source\SocketAddress.cpp">
      <Filter>source</Filter>
    </ClCompile>
    <ClCompile Include="source\SocketAddressFactory.cpp">
      <Filter>source</Filter>
    </ClCompile>
    <ClCompile Include="source\TCPSocket.cpp">
      <Filter>source</Filter>
    </ClCompile>
    <ClCompile Include="source\SimpleServerPCH.cpp">
      <Filter>source</Filter>
    </ClCompile>
  </ItemGroup>
</Project>